PODS:
  - Alamofire (4.6.0)
  - AlamofireImage (3.3.0):
    - Alamofire (~> 4.5)
  - BadgeSwift (5.0.1)
  - Bolts (1.8.4):
    - Bolts/AppLinks (= 1.8.4)
    - Bolts/Tasks (= 1.8.4)
  - Bolts/AppLinks (1.8.4):
    - Bolts/Tasks
  - Bolts/Tasks (1.8.4)
  - Braintree/Card (4.10.0):
    - Braintree/Core
  - Braintree/Core (4.10.0)
  - Braintree/UnionPay (4.10.0):
    - Braintree/Card
    - Braintree/Core
  - BraintreeDropIn (5.3.0):
    - BraintreeDropIn/DropIn (= 5.3.0)
  - BraintreeDropIn/DropIn (5.3.0):
    - Braintree/Card (~> 4.0)
    - Braintree/Core (~> 4.0)
    - Braintree/UnionPay (~> 4.0)
    - BraintreeDropIn/UIKit
  - BraintreeDropIn/UIKit (5.3.0)
  - CardIO (5.4.1)
  - Cosmos (9.0.0)
  - Crashlytics (3.9.3):
    - Fabric (~> 1.7.2)
  - DateTimePicker (1.2.1)
  - DropDown (2.0.2)
  - Fabric (1.7.2)
  - FacebookCore (0.3.0):
    - Bolts (~> 1.8)
    - FBSDKCoreKit (~> 4.27)
  - FacebookLogin (0.3.0):
    - Bolts (~> 1.8)
    - FacebookCore (~> 0.3)
    - FBSDKCoreKit (~> 4.27)
    - FBSDKLoginKit (~> 4.27)
  - FacebookShare (0.3.0):
    - Bolts (~> 1.8)
    - FacebookCore (~> 0.3)
    - FBSDKCoreKit (~> 4.27)
    - FBSDKShareKit (~> 4.27)
  - FBSDKCoreKit (4.29.0):
    - Bolts (~> 1.7)
  - FBSDKLoginKit (4.29.0):
    - FBSDKCoreKit
  - FBSDKShareKit (4.29.0):
    - FBSDKCoreKit
  - Firebase/Core (4.7.0):
    - FirebaseAnalytics (= 4.0.5)
    - FirebaseCore (= 4.0.12)
  - FirebaseAnalytics (4.0.5):
    - FirebaseCore (~> 4.0)
    - FirebaseInstanceID (~> 2.0)
    - GoogleToolboxForMac/NSData+zlib (~> 2.1)
    - nanopb (~> 0.3)
  - FirebaseCore (4.0.12):
    - GoogleToolboxForMac/NSData+zlib (~> 2.1)
  - FirebaseInstanceID (2.0.7)
  - Floaty (3.0.1)
  - GoogleCloudMessaging (1.2.0):
    - GoogleInterchangeUtilities (~> 1.0)
    - GoogleIPhoneUtilities (~> 1.0)
    - GoogleSymbolUtilities (~> 1.0)
  - GoogleInterchangeUtilities (1.2.2):
    - GoogleSymbolUtilities (~> 1.1)
  - GoogleIPhoneUtilities (1.2.1):
    - GoogleSymbolUtilities (~> 1.0)
    - GoogleUtilities (~> 1.0)
  - GoogleMaps (2.5.0):
    - GoogleMaps/Maps (= 2.5.0)
  - GoogleMaps/Base (2.5.0)
  - GoogleMaps/Maps (2.5.0):
    - GoogleMaps/Base
  - GooglePlacePicker (2.5.0):
    - GoogleMaps (= 2.5.0)
    - GooglePlaces (= 2.5.0)
  - GooglePlaces (2.5.0):
    - GoogleMaps/Base (= 2.5.0)
  - GoogleSignIn (4.1.1):
    - GoogleToolboxForMac/NSDictionary+URLArguments (~> 2.1)
    - GoogleToolboxForMac/NSString+URLArguments (~> 2.1)
    - GTMOAuth2 (~> 1.0)
    - GTMSessionFetcher/Core (~> 1.1)
  - GoogleSymbolUtilities (1.1.2)
  - GoogleToolboxForMac/DebugUtils (2.1.3):
    - GoogleToolboxForMac/Defines (= 2.1.3)
  - GoogleToolboxForMac/Defines (2.1.3)
  - GoogleToolboxForMac/NSData+zlib (2.1.3):
    - GoogleToolboxForMac/Defines (= 2.1.3)
  - GoogleToolboxForMac/NSDictionary+URLArguments (2.1.3):
    - GoogleToolboxForMac/DebugUtils (= 2.1.3)
    - GoogleToolboxForMac/Defines (= 2.1.3)
    - GoogleToolboxForMac/NSString+URLArguments (= 2.1.3)
  - GoogleToolboxForMac/NSString+URLArguments (2.1.3)
  - GoogleUtilities (1.3.2):
    - GoogleSymbolUtilities (~> 1.1)
  - GTMOAuth2 (1.1.6):
    - GTMSessionFetcher (~> 1.1)
  - GTMSessionFetcher (1.1.12):
    - GTMSessionFetcher/Full (= 1.1.12)
  - GTMSessionFetcher/Core (1.1.12)
  - GTMSessionFetcher/Full (1.1.12):
    - GTMSessionFetcher/Core (= 1.1.12)
  - Localize-Swift (2.0.0)
  - MRCountryPicker (0.0.7)
  - nanopb (0.3.8):
    - nanopb/decode (= 0.3.8)
    - nanopb/encode (= 0.3.8)
  - nanopb/decode (0.3.8)
  - nanopb/encode (0.3.8)
  - NVActivityIndicatorView (4.1.0):
    - NVActivityIndicatorView/Presenter (= 4.1.0)
  - NVActivityIndicatorView/Presenter (4.1.0)
  - PayPal-iOS-SDK (2.18.0):
    - PayPal-iOS-SDK/CardIO (= 2.18.0)
    - PayPal-iOS-SDK/Core (= 2.18.0)
  - PayPal-iOS-SDK/CardIO (2.18.0):
    - CardIO (~> 5.4.1)
  - PayPal-iOS-SDK/Core (2.18.0)
  - PubNub (4.7.4):
    - PubNub/Core (= 4.7.4)
  - PubNub/Core (4.7.4)
  - Realm (2.8.3):
    - Realm/Headers (= 2.8.3)
  - Realm/Headers (2.8.3)
  - RealmSwift (2.8.3):
    - Realm (= 2.8.3)
  - SDWebImage (4.2.2):
    - SDWebImage/Core (= 4.2.2)
  - SDWebImage/Core (4.2.2)
  - Socket.IO-Client-Swift (12.1.3):
    - Starscream (~> 2.1.1)
  - Starscream (2.1.1)
  - Stripe (11.5.0)
  - SwiftyJSON (4.0.0)
  - Toucan (1.0.0)

DEPENDENCIES:
  - Alamofire (~> 4.0)
  - AlamofireImage
  - BadgeSwift
  - BraintreeDropIn
  - Cosmos (~> 9.0)
  - Crashlytics
  - DateTimePicker
  - DropDown
  - Fabric
  - FacebookCore
  - FacebookLogin
  - FacebookShare
  - Firebase/Core
  - Floaty (~> 3.0.0)
  - GoogleCloudMessaging
  - GoogleMaps
  - GooglePlacePicker
  - GooglePlaces
  - GoogleSignIn
  - Localize-Swift (~> 2.0)
  - MRCountryPicker (~> 0.0.6)
  - NVActivityIndicatorView
  - PayPal-iOS-SDK
  - PubNub (~> 4)
  - RealmSwift (~> 2.8.3)
  - SDWebImage
  - Socket.IO-Client-Swift (~> 12.1.1)
  - Stripe
  - SwiftyJSON
  - Toucan

SPEC CHECKSUMS:
  Alamofire: f41a599bd63041760b26d393ec1069d9d7b917f4
  AlamofireImage: 2e784dc5d00f04903a52c1d169181469c805c3df
  BadgeSwift: 3defa56f504bfb46f2300122c4a565ec9e405c1e
  Bolts: 8a7995239dbe724f9cba2248b766d48b7ebdd322
  Braintree: 424a8b0bf1d31fe1110035cfde438701e1425c1a
  BraintreeDropIn: 5882cca8dc3c4a5b8f11faa44fca52323253c857
  CardIO: 56983b39b62f495fc6dae9ad7cf875143df06443
  Cosmos: 33eee62b2a0418452aef470f711f83c3ea061b7b
  Crashlytics: dbb07d01876c171c5ccbdf7826410380189e452c
  DateTimePicker: c7b10f7dfe6eb06014c88df964a0a994f246b791
  DropDown: 75562633a203f57a917021b4edb96c76f293b0ec
  Fabric: 9cd6a848efcf1b8b07497e0b6a2e7d336353ba15
  FacebookCore: 3ffa190a3f1f96cec0e44d3fc221bc322c595ffa
  FacebookLogin: 0af839ea858faef99550d16596b87b4a8e8906e6
  FacebookShare: '0469964297ebd75f052be2c5083389a4208e82b7'
  FBSDKCoreKit: 6f139173dc63a1deaff4430a55f2fe5bb222d2af
  FBSDKLoginKit: 56a057ca6822535ea0faa25f57a7c41edb697fd4
  FBSDKShareKit: 18a2cd118aef11dd657fe7e8b64bae5c719088b2
  Firebase: dbfb98ccec2dcfcd21ab9cc1b4981a3f3c8c5e26
  FirebaseAnalytics: 5b02a63ead2c3f0259cfc7f15e053e440587ecf8
  FirebaseCore: 6cf108b63997bc08c04a1ffa55a3ac0d71a59ffc
  FirebaseInstanceID: 148c25c986c8699e67304b114e365713dce467f2
  Floaty: bb7a353deee9ddcc14c584ca9c538efdc19669f2
  GoogleCloudMessaging: f37ea14dd0f41d4d889c10b5559dd35bbfd9ac26
  GoogleInterchangeUtilities: d5bc4d88d5b661ab72f9d70c58d02ca8c27ad1f7
  GoogleIPhoneUtilities: 63f25e93a3ddcb66884d182aab3a660d98f1479b
  GoogleMaps: c087b8e5dfe87ca6ebf59adb9b4894a4146bec4f
  GooglePlacePicker: 1573e644ab54564d95c2643edc0f29091609e966
  GooglePlaces: dd70d9d71ea1c7944846afe67de3712c99b30a77
  GoogleSignIn: 3fdaa34a2ba04dbd7a25d7db39aecb0da98d5bdc
  GoogleSymbolUtilities: 631ee17048aa5e9ab133470d768ea997a5ef9b96
  GoogleToolboxForMac: 2501e2ad72a52eb3dfe7bd9aee7dad11b858bd20
  GoogleUtilities: 8bbc733218aad26306f9d4a253823986110e3358
  GTMOAuth2: c77fe325e4acd453837e72d91e3b5f13116857b2
  GTMSessionFetcher: ebaa1f79a5366922c1735f1566901f50beba23b7
  Localize-Swift: c798ec9286494866f7068f85f7c71283ac5bdab4
  MRCountryPicker: 75edb510153ef446ded70890bc02140a757961dc
  nanopb: 5601e6bca2dbf1ed831b519092ec110f66982ca3
  NVActivityIndicatorView: dc4726052dc24e89fa8576d43acf9e96f61d49db
  PayPal-iOS-SDK: 3fc74982a68d54eeaf39e09f507f279dc2291860
  PubNub: de3a84200472d2fadfc7cf79622444a837a24b42
  Realm: 3601ef091c8c499a31101d8563b991e75546cdce
  RealmSwift: 8183818515471b01a99abdd2970f8e4fd52b6f4a
  SDWebImage: 89a9d32cd520bbb46eb14e541d5109b3564af198
  Socket.IO-Client-Swift: 2d3838d0e7bc105626872081fb6a23141145e8f8
  Starscream: 142bd8ef24592d985daee9fa48c936070b85b15f
  Stripe: 10761682d20dc491c52287393c800db056c9748d
  SwiftyJSON: 070dabdcb1beb81b247c65ffa3a79dbbfb3b48aa
  Toucan: 61867fb10948c02e9804280a95eb183e98eac97a

PODFILE CHECKSUM: ec85af43aef43369e2ca1edf94811e5d9230336e

COCOAPODS: 1.2.0
